
Microsoft Visual Studio Solution File, Format Version 12.00
# Visual Studio Version 16
VisualStudioVersion = 16.0.31729.503
MinimumVisualStudioVersion = 10.0.40219.1
Project("{FAE04EC0-301F-11D3-BF4B-00C04F79EFBC}") = "Oop", "Oop\Oop.csproj", "{4E738D55-39F9-489D-8755-4521547C05D3}"
EndProject
Global
	GlobalSection(SolutionConfigurationPlatforms) = preSolution
		Debug|Any CPU = Debug|Any CPU
		Release|Any CPU = Release|Any CPU
	EndGlobalSection
	GlobalSection(ProjectConfigurationPlatforms) = postSolution
		{4E738D55-39F9-489D-8755-4521547C05D3}.Debug|Any CPU.ActiveCfg = Debug|Any CPU
		{4E738D55-39F9-489D-8755-4521547C05D3}.Debug|Any CPU.Build.0 = Debug|Any CPU
		{4E738D55-39F9-489D-8755-4521547C05D3}.Release|Any CPU.ActiveCfg = Release|Any CPU
		{4E738D55-39F9-489D-8755-4521547C05D3}.Release|Any CPU.Build.0 = Release|Any CPU
	EndGlobalSection
	GlobalSection(SolutionProperties) = preSolution
		HideSolutionNode = FALSE
	EndGlobalSection
	GlobalSection(ExtensibilityGlobals) = postSolution
		SolutionGuid = {E350ED2F-4F19-4134-B8FB-E7AB5B5B64B1}
	EndGlobalSection
EndGlobal
